
Microsoft Visual Studio Solution File, Format Version 12.00
# Visual Studio Version 16
VisualStudioVersion = 16.0.30517.126
MinimumVisualStudioVersion = 10.0.40219.1
Project("{FAE04EC0-301F-11D3-BF4B-00C04F79EFBC}") = "HW 2", "HW 2\HW 2.csproj", "{3BD9D67A-56A2-4B8C-B5A3-2A9B83121C32}"
EndProject
Project("{FAE04EC0-301F-11D3-BF4B-00C04F79EFBC}") = "HW 2.2", "HW 2.2\HW 2.2.csproj", "{A58E3D97-AFBC-415E-9391-2261FFC665EA}"
EndProject
Global
	GlobalSection(SolutionConfigurationPlatforms) = preSolution
		Debug|Any CPU = Debug|Any CPU
		Release|Any CPU = Release|Any CPU
	EndGlobalSection
	GlobalSection(ProjectConfigurationPlatforms) = postSolution
		{3BD9D67A-56A2-4B8C-B5A3-2A9B83121C32}.Debug|Any CPU.ActiveCfg = Debug|Any CPU
		{3BD9D67A-56A2-4B8C-B5A3-2A9B83121C32}.Debug|Any CPU.Build.0 = Debug|Any CPU
		{3BD9D67A-56A2-4B8C-B5A3-2A9B83121C32}.Release|Any CPU.ActiveCfg = Release|Any CPU
		{3BD9D67A-56A2-4B8C-B5A3-2A9B83121C32}.Release|Any CPU.Build.0 = Release|Any CPU
		{A58E3D97-AFBC-415E-9391-2261FFC665EA}.Debug|Any CPU.ActiveCfg = Debug|Any CPU
		{A58E3D97-AFBC-415E-9391-2261FFC665EA}.Debug|Any CPU.Build.0 = Debug|Any CPU
		{A58E3D97-AFBC-415E-9391-2261FFC665EA}.Release|Any CPU.ActiveCfg = Release|Any CPU
		{A58E3D97-AFBC-415E-9391-2261FFC665EA}.Release|Any CPU.Build.0 = Release|Any CPU
	EndGlobalSection
	GlobalSection(SolutionProperties) = preSolution
		HideSolutionNode = FALSE
	EndGlobalSection
	GlobalSection(ExtensibilityGlobals) = postSolution
		SolutionGuid = {263E1D26-565C-4BE6-9F4D-E07F397E5719}
	EndGlobalSection
EndGlobal
